// !$*UTF8*$!
{
	archiveVersion = 1;
	classes = {
	};
	objectVersion = 50;
	objects = {

/* Begin PBXBuildFile section */
		BB8BCEEF2411B3CA00A19B15 /* AppDelegate.m in Sources */ = {isa = PBXBuildFile; fileRef = BB8BCEEE2411B3CA00A19B15 /* AppDelegate.m */; };
		BB8BCEF12411B3CB00A19B15 /* Assets.xcassets in Resources */ = {isa = PBXBuildFile; fileRef = BB8BCEF02411B3CB00A19B15 /* Assets.xcassets */; };
		BB8BCEF42411B3CB00A19B15 /* MainMenu.xib in Resources */ = {isa = PBXBuildFile; fileRef = BB8BCEF22411B3CB00A19B15 /* MainMenu.xib */; };
		BB8BCEF72411B3CB00A19B15 /* main.m in Sources */ = {isa = PBXBuildFile; fileRef = BB8BCEF62411B3CB00A19B15 /* main.m */; };
		BBC441DF2413067700FC2D94 /* CoreServices.framework in Frameworks */ = {isa = PBXBuildFile; fileRef = BBC441DE2413067700FC2D94 /* CoreServices.framework */; };
/* End PBXBuildFile section */

/* Begin PBXFileReference section */
		BB8BCEEA2411B3CA00A19B15 /* homyStatus.app */ = {isa = PBXFileReference; explicitFileType = wrapper.application; includeInIndex = 0; path = homyStatus.app; sourceTree = BUILT_PRODUCTS_DIR; };
		BB8BCEED2411B3CA00A19B15 /* AppDelegate.h */ = {isa = PBXFileReference; lastKnownFileType = sourcecode.c.h; path = AppDelegate.h; sourceTree = "<group>"; };
		BB8BCEEE2411B3CA00A19B15 /* AppDelegate.m */ = {isa = PBXFileReference; lastKnownFileType = sourcecode.c.objc; path = AppDelegate.m; sourceTree = "<group>"; };
		BB8BCEF02411B3CB00A19B15 /* Assets.xcassets */ = {isa = PBXFileReference; lastKnownFileType = folder.assetcatalog; path = Assets.xcassets; sourceTree = "<group>"; };
		BB8BCEF32411B3CB00A19B15 /* Base */ = {isa = PBXFileReference; lastKnownFileType = file.xib; name = Base; path = Base.lproj/MainMenu.xib; sourceTree = "<group>"; };
		BB8BCEF52411B3CB00A19B15 /* Info.plist */ = {isa = PBXFileReference; lastKnownFileType = text.plist.xml; path = Info.plist; sourceTree = "<group>"; };
		BB8BCEF62411B3CB00A19B15 /* main.m */ = {isa = PBXFileReference; lastKnownFileType = sourcecode.c.objc; path = main.m; sourceTree = "<group>"; };
		BB8BCEF82411B3CB00A19B15 /* homyStatus.entitlements */ = {isa = PBXFileReference; lastKnownFileType = text.plist.entitlements; path = homyStatus.entitlements; sourceTree = "<group>"; };
		BBC441DE2413067700FC2D94 /* CoreServices.framework */ = {isa = PBXFileReference; lastKnownFileType = wrapper.framework; name = CoreServices.framework; path = System/Library/Frameworks/CoreServices.framework; sourceTree = SDKROOT; };
/* End PBXFileReference section */

/* Begin PBXFrameworksBuildPhase section */
		BB8BCEE72411B3CA00A19B15 /* Frameworks */ = {
			isa = PBXFrameworksBuildPhase;
			buildActionMask = 2147483647;
			files = (
				BBC441DF2413067700FC2D94 /* CoreServices.framework in Frameworks */,
			);
			runOnlyForDeploymentPostprocessing = 0;
		};
/* End PBXFrameworksBuildPhase section */

/* Begin PBXGroup section */
		BB8BCEE12411B3CA00A19B15 = {
			isa = PBXGroup;
			children = (
				BB8BCEEC2411B3CA00A19B15 /* homyStatus */,
				BB8BCEEB2411B3CA00A19B15 /* Products */,
				BBC441DD2413067700FC2D94 /* Frameworks */,
			);
			sourceTree = "<group>";
		};
		BB8BCEEB2411B3CA00A19B15 /* Products */ = {
			isa = PBXGroup;
			children = (
				BB8BCEEA2411B3CA00A19B15 /* homyStatus.app */,
			);
			name = Products;
			sourceTree = "<group>";
		};
		BB8BCEEC2411B3CA00A19B15 /* homyStatus */ = {
			isa = PBXGroup;
			children = (
				BB8BCEED2411B3CA00A19B15 /* AppDelegate.h */,
				BB8BCEEE2411B3CA00A19B15 /* AppDelegate.m */,
				BB8BCEF02411B3CB00A19B15 /* Assets.xcassets */,
				BB8BCEF22411B3CB00A19B15 /* MainMenu.xib */,
				BB8BCEF52411B3CB00A19B15 /* Info.plist */,
				BB8BCEF62411B3CB00A19B15 /* main.m */,
				BB8BCEF82411B3CB00A19B15 /* homyStatus.entitlements */,
			);
			path = homyStatus;
			sourceTree = "<group>";
		};
		BBC441DD2413067700FC2D94 /* Frameworks */ = {
			isa = PBXGroup;
			children = (
				BBC441DE2413067700FC2D94 /* CoreServices.framework */,
			);
			name = Frameworks;
			sourceTree = "<group>";
		};
/* End PBXGroup section */

/* Begin PBXNativeTarget section */
		BB8BCEE92411B3CA00A19B15 /* homyStatus */ = {
			isa = PBXNativeTarget;
			buildConfigurationList = BB8BCEFB2411B3CB00A19B15 /* Build configuration list for PBXNativeTarget "homyStatus" */;
			buildPhases = (
				BB8BCEE62411B3CA00A19B15 /* Sources */,
				BB8BCEE72411B3CA00A19B15 /* Frameworks */,
				BB8BCEE82411B3CA00A19B15 /* Resources */,
			);
			buildRules = (
			);
			dependencies = (
			);
			name = homyStatus;
			productName = homyStatus;
			productReference = BB8BCEEA2411B3CA00A19B15 /* homyStatus.app */;
			productType = "com.apple.product-type.application";
		};
/* End PBXNativeTarget section */

/* Begin PBXProject section */
		BB8BCEE22411B3CA00A19B15 /* Project object */ = {
			isa = PBXProject;
			attributes = {
				LastUpgradeCheck = 1130;
				ORGANIZATIONNAME = "Till Toenshoff";
				TargetAttributes = {
					BB8BCEE92411B3CA00A19B15 = {
						CreatedOnToolsVersion = 11.3.1;
					};
				};
			};
			buildConfigurationList = BB8BCEE52411B3CA00A19B15 /* Build configuration list for PBXProject "homyStatus" */;
			compatibilityVersion = "Xcode 9.3";
			developmentRegion = en;
			hasScannedForEncodings = 0;
			knownRegions = (
				en,
				Base,
			);
			mainGroup = BB8BCEE12411B3CA00A19B15;
			productRefGroup = BB8BCEEB2411B3CA00A19B15 /* Products */;
			projectDirPath = "";
			projectRoot = "";
			targets = (
				BB8BCEE92411B3CA00A19B15 /* homyStatus */,
			);
		};
/* End PBXProject section */

/* Begin PBXResourcesBuildPhase section */
		BB8BCEE82411B3CA00A19B15 /* Resources */ = {
			isa = PBXResourcesBuildPhase;
			buildActionMask = 2147483647;
			files = (
				BB8BCEF12411B3CB00A19B15 /* Assets.xcassets in Resources */,
				BB8BCEF42411B3CB00A19B15 /* MainMenu.xib in Resources */,
			);
			runOnlyForDeploymentPostprocessing = 0;
		};
/* End PBXResourcesBuildPhase section */

/* Begin PBXSourcesBuildPhase section */
		BB8BCEE62411B3CA00A19B15 /* Sources */ = {
			isa = PBXSourcesBuildPhase;
			buildActionMask = 2147483647;
			files = (
				BB8BCEF72411B3CB00A19B15 /* main.m in Sources */,
				BB8BCEEF2411B3CA00A19B15 /* AppDelegate.m in Sources */,
			);
			runOnlyForDeploymentPostprocessing = 0;
		};
/* End PBXSourcesBuildPhase section */

/* Begin PBXVariantGroup section */
		BB8BCEF22411B3CB00A19B15 /* MainMenu.xib */ = {
			isa = PBXVariantGroup;
			children = (
				BB8BCEF32411B3CB00A19B15 /* Base */,
			);
			name = MainMenu.xib;
			sourceTree = "<group>";
		};
/* End PBXVariantGroup section */

/* Begin XCBuildConfiguration section */
		BB8BCEF92411B3CB00A19B15 /* Debug */ = {
			isa = XCBuildConfiguration;
			buildSettings = {
				ALWAYS_SEARCH_USER_PATHS = NO;
				CLANG_ANALYZER_NONNULL = YES;
				CLANG_ANALYZER_NUMBER_OBJECT_CONVERSION = YES_AGGRESSIVE;
				CLANG_CXX_LANGUAGE_STANDARD = "gnu++14";
				CLANG_CXX_LIBRARY = "libc++";
				CLANG_ENABLE_MODULES = YES;
				CLANG_ENABLE_OBJC_ARC = YES;
				CLANG_ENABLE_OBJC_WEAK = YES;
				CLANG_WARN_BLOCK_CAPTURE_AUTORELEASING = YES;
				CLANG_WARN_BOOL_CONVERSION = YES;
				CLANG_WARN_COMMA = YES;
				CLANG_WARN_CONSTANT_CONVERSION = YES;
				CLANG_WARN_DEPRECATED_OBJC_IMPLEMENTATIONS = YES;
				CLANG_WARN_DIRECT_OBJC_ISA_USAGE = YES_ERROR;
				CLANG_WARN_DOCUMENTATION_COMMENTS = YES;
				CLANG_WARN_EMPTY_BODY = YES;
				CLANG_WARN_ENUM_CONVERSION = YES;
				CLANG_WARN_INFINITE_RECURSION = YES;
				CLANG_WARN_INT_CONVERSION = YES;
				CLANG_WARN_NON_LITERAL_NULL_CONVERSION = YES;
				CLANG_WARN_OBJC_IMPLICIT_RETAIN_SELF = YES;
				CLANG_WARN_OBJC_LITERAL_CONVERSION = YES;
				CLANG_WARN_OBJC_ROOT_CLASS = YES_ERROR;
				CLANG_WARN_RANGE_LOOP_ANALYSIS = YES;
				CLANG_WARN_STRICT_PROTOTYPES = YES;
				CLANG_WARN_SUSPICIOUS_MOVE = YES;
				CLANG_WARN_UNGUARDED_AVAILABILITY = YES_AGGRESSIVE;
				CLANG_WARN_UNREACHABLE_CODE = YES;
				CLANG_WARN__DUPLICATE_METHOD_MATCH = YES;
				COPY_PHASE_STRIP = NO;
				DEBUG_INFORMATION_FORMAT = dwarf;
				ENABLE_STRICT_OBJC_MSGSEND = YES;
				ENABLE_TESTABILITY = YES;
				GCC_C_LANGUAGE_STANDARD = gnu11;
				GCC_DYNAMIC_NO_PIC = NO;
				GCC_NO_COMMON_BLOCKS = YES;
				GCC_OPTIMIZATION_LEVEL = 0;
				GCC_PREPROCESSOR_DEFINITIONS = (
					"DEBUG=1",
					"$(inherited)",
				);
				GCC_WARN_64_TO_32_BIT_CONVERSION = YES;
				GCC_WARN_ABOUT_RETURN_TYPE = YES_ERROR;
				GCC_WARN_UNDECLARED_SELECTOR = YES;
				GCC_WARN_UNINITIALIZED_AUTOS = YES_AGGRESSIVE;
				GCC_WARN_UNUSED_FUNCTION = YES;
				GCC_WARN_UNUSED_VARIABLE = YES;
				MACOSX_DEPLOYMENT_TARGET = 10.15;
				MTL_ENABLE_DEBUG_INFO = INCLUDE_SOURCE;
				MTL_FAST_MATH = YES;
				ONLY_ACTIVE_ARCH = YES;
				SDKROOT = macosx;
			};
			name = Debug;
		};
		BB8BCEFA2411B3CB00A19B15 /* Release */ = {
			isa = XCBuildConfiguration;
			buildSettings = {
				ALWAYS_SEARCH_USER_PATHS = NO;
				CLANG_ANALYZER_NONNULL = YES;
				CLANG_ANALYZER_NUMBER_OBJECT_CONVERSION = YES_AGGRESSIVE;
				CLANG_CXX_LANGUAGE_STANDARD = "gnu++14";
				CLANG_CXX_LIBRARY = "libc++";
				CLANG_ENABLE_MODULES = YES;
				CLANG_ENABLE_OBJC_ARC = YES;
				CLANG_ENABLE_OBJC_WEAK = YES;
				CLANG_WARN_BLOCK_CAPTURE_AUTORELEASING = YES;
				CLANG_WARN_BOOL_CONVERSION = YES;
				CLANG_WARN_COMMA = YES;
				CLANG_WARN_CONSTANT_CONVERSION = YES;
				CLANG_WARN_DEPRECATED_OBJC_IMPLEMENTATIONS = YES;
				CLANG_WARN_DIRECT_OBJC_ISA_USAGE = YES_ERROR;
				CLANG_WARN_DOCUMENTATION_COMMENTS = YES;
				CLANG_WARN_EMPTY_BODY = YES;
				CLANG_WARN_ENUM_CONVERSION = YES;
				CLANG_WARN_INFINITE_RECURSION = YES;
				CLANG_WARN_INT_CONVERSION = YES;
				CLANG_WARN_NON_LITERAL_NULL_CONVERSION = YES;
				CLANG_WARN_OBJC_IMPLICIT_RETAIN_SELF = YES;
				CLANG_WARN_OBJC_LITERAL_CONVERSION = YES;
				CLANG_WARN_OBJC_ROOT_CLASS = YES_ERROR;
				CLANG_WARN_RANGE_LOOP_ANALYSIS = YES;
				CLANG_WARN_STRICT_PROTOTYPES = YES;
				CLANG_WARN_SUSPICIOUS_MOVE = YES;
				CLANG_WARN_UNGUARDED_AVAILABILITY = YES_AGGRESSIVE;
				CLANG_WARN_UNREACHABLE_CODE = YES;
				CLANG_WARN__DUPLICATE_METHOD_MATCH = YES;
				COPY_PHASE_STRIP = NO;
				DEBUG_INFORMATION_FORMAT = "dwarf-with-dsym";
				ENABLE_NS_ASSERTIONS = NO;
				ENABLE_STRICT_OBJC_MSGSEND = YES;
				GCC_C_LANGUAGE_STANDARD = gnu11;
				GCC_NO_COMMON_BLOCKS = YES;
				GCC_WARN_64_TO_32_BIT_CONVERSION = YES;
				GCC_WARN_ABOUT_RETURN_TYPE = YES_ERROR;
				GCC_WARN_UNDECLARED_SELECTOR = YES;
				GCC_WARN_UNINITIALIZED_AUTOS = YES_AGGRESSIVE;
				GCC_WARN_UNUSED_FUNCTION = YES;
				GCC_WARN_UNUSED_VARIABLE = YES;
				MACOSX_DEPLOYMENT_TARGET = 10.15;
				MTL_ENABLE_DEBUG_INFO = NO;
				MTL_FAST_MATH = YES;
				SDKROOT = macosx;
			};
			name = Release;
		};
		BB8BCEFC2411B3CB00A19B15 /* Debug */ = {
			isa = XCBuildConfiguration;
			buildSettings = {
				ASSETCATALOG_COMPILER_APPICON_NAME = AppIcon;
				CODE_SIGN_ENTITLEMENTS = homyStatus/homyStatus.entitlements;
				CODE_SIGN_STYLE = Automatic;
				COMBINE_HIDPI_IMAGES = YES;
				DEVELOPMENT_TEAM = YK4D72U3YW;
				ENABLE_HARDENED_RUNTIME = YES;
				INFOPLIST_FILE = homyStatus/Info.plist;
				LD_RUNPATH_SEARCH_PATHS = (
					"$(inherited)",
					"@executable_path/../Frameworks",
				);
				PRODUCT_BUNDLE_IDENTIFIER = tillt.homyStatus;
				PRODUCT_NAME = "$(TARGET_NAME)";
			};
			name = Debug;
		};
		BB8BCEFD2411B3CB00A19B15 /* Release */ = {
			isa = XCBuildConfiguration;
			buildSettings = {
				ASSETCATALOG_COMPILER_APPICON_NAME = AppIcon;
				CODE_SIGN_ENTITLEMENTS = homyStatus/homyStatus.entitlements;
				CODE_SIGN_STYLE = Automatic;
				COMBINE_HIDPI_IMAGES = YES;
				DEVELOPMENT_TEAM = YK4D72U3YW;
				ENABLE_HARDENED_RUNTIME = YES;
				INFOPLIST_FILE = homyStatus/Info.plist;
				LD_RUNPATH_SEARCH_PATHS = (
					"$(inherited)",
					"@executable_path/../Frameworks",
				);
				PRODUCT_BUNDLE_IDENTIFIER = tillt.homyStatus;
				PRODUCT_NAME = "$(TARGET_NAME)";
			};
			name = Release;
		};
/* End XCBuildConfiguration section */

/* Begin XCConfigurationList section */
		BB8BCEE52411B3CA00A19B15 /* Build configuration list for PBXProject "homyStatus" */ = {
			isa = XCConfigurationList;
			buildConfigurations = (
				BB8BCEF92411B3CB00A19B15 /* Debug */,
				BB8BCEFA2411B3CB00A19B15 /* Release */,
			);
			defaultConfigurationIsVisible = 0;
			defaultConfigurationName = Release;
		};
		BB8BCEFB2411B3CB00A19B15 /* Build configuration list for PBXNativeTarget "homyStatus" */ = {
			isa = XCConfigurationList;
			buildConfigurations = (
				BB8BCEFC2411B3CB00A19B15 /* Debug */,
				BB8BCEFD2411B3CB00A19B15 /* Release */,
			);
			defaultConfigurationIsVisible = 0;
			defaultConfigurationName = Release;
		};
/* End XCConfigurationList section */
	};
	rootObject = BB8BCEE22411B3CA00A19B15 /* Project object */;
}
